Microsoft Visual Studio Solution File, Format Version 12.00
# Visual Studio Version 17
VisualStudioVersion = 17.0.31903.59
MinimumVisualStudioVersion = 10.0.40219.1
Project("{FAE04EC0-301F-11D3-BF4B-00C04F79EFBC}") = "ViewModelShell", "AspNetCore\ViewModelShell.csproj", "{1D403DC6-F068-47D3-AE3C-5D939AB6DA3E}"
EndProject
Project("{FAE04EC0-301F-11D3-BF4B-00C04F79EFBC}") = "AspNetCore.Tests", "AspNetCore.Tests\AspNetCore.Tests.csproj", "{322FD75F-9C6C-4D4B-8D69-A41180238964}"
EndProject
Global
	GlobalSection(SolutionConfigurationPlatforms) = preSolution
		Debug|Any CPU = Debug|Any CPU
		Release|Any CPU = Release|Any CPU
	EndGlobalSection
	GlobalSection(ProjectConfigurationPlatforms) = postSolution
		{1D403DC6-F068-47D3-AE3C-5D939AB6DA3E}.Debug|Any CPU.ActiveCfg = Debug|Any CPU
		{1D403DC6-F068-47D3-AE3C-5D939AB6DA3E}.Debug|Any CPU.Build.0 = Debug|Any CPU
		{1D403DC6-F068-47D3-AE3C-5D939AB6DA3E}.Release|Any CPU.ActiveCfg = Release|Any CPU
		{1D403DC6-F068-47D3-AE3C-5D939AB6DA3E}.Release|Any CPU.Build.0 = Release|Any CPU
		{322FD75F-9C6C-4D4B-8D69-A41180238964}.Debug|Any CPU.ActiveCfg = Debug|Any CPU
		{322FD75F-9C6C-4D4B-8D69-A41180238964}.Debug|Any CPU.Build.0 = Debug|Any CPU
		{322FD75F-9C6C-4D4B-8D69-A41180238964}.Release|Any CPU.ActiveCfg = Release|Any CPU
		{322FD75F-9C6C-4D4B-8D69-A41180238964}.Release|Any CPU.Build.0 = Release|Any CPU
	EndGlobalSection
	GlobalSection(SolutionProperties) = preSolution
		HideSolutionNode = FALSE
	EndGlobalSection
EndGlobal